{
  "version": 4,
  "terraform_version": "1.2.4",
  "serial": 132,
  "lineage": "50705d0d-e965-6f20-3c01-08311cff17b7",
  "outputs": {
    "generated_ssh_private_key": {
      "value": "-----BEGIN RSA PRIVATE KEY-----\nMIIEowIBAAKCAQEAvENT4ledV5t7n2ljz1D8uoWG7r8VCcGs0UaR+iQ7IjdgVM1Z\nGbSQZvpQqfqS7ZBUTpLP4LTw/T6cvrxv9VS1tUaAB9zXcHnGO99uvksyT8A+liOL\nTIEWsiNMA+7ZsKapw2hupWos5bjyZo44tcYxm0oDj3bm5nYMDQ50wUmfCtYNcHdI\nTbxK0UYYgODzGWv4xXcIYqREGY8wSV1FO8nFquKRv+gl0xirqGMQ9+wbgaY1B1uA\nIrI5uac6ULCMXME5HYArdKbgrgEX7nznQPIg2rROBBCbdQ25YnNaUrdgwknma7z/\n86M+qMN3YaOIGcaW4A4fAiaLOnQOyFKNbQdPIwIDAQABAoIBAA2wI4A4eJMvFdzw\nT7Z6H/X70WS4dfIgp80LgX+bdMU3G4Tu7USGMV2bY5QISPiG3upbmEuxPDhdfg4M\nK2O+BfwpJRPtRajC4dvmkem6E+1if+pwqScl152aHWPH0QIcDAnOJQVX4+3L9avp\nOUxWHbM5vWqH7Z/iA1xLqceH781cxK4fuMnTYAXiVyZL5w56b4Y6q2byib/pGjza\n4JPeEdshpjxlrm5HN9ANM7swwOY6vMplVzptg3F6m4THxl1BfBgXpZQWhl2Loc0M\nYMmeNJRFLs0w4uVS8SNg1XB/4jt1txTfjvJXFknYE6QDLlYuKrIZPLz9H909IhJM\nxZRf58ECgYEA+PaMNvDi9lM7l/TTCYwIOYmIfIsul27gjVcVcXQzAGkMDut1qq7B\naIB+i+tBULa+WycWI0ys4FbwIfOyOYf3f6NFMO6Yr+h51LbqXH0bmzk7xABgtux0\nDM1/G1VEubJn0J5Q+TRZiO1azltgwhf/MWSjRWdj4lC8xuPb3nCSdwMCgYEAwZWQ\npznrOod6JBsRVO2jdv3sM8DKeAu3tUTZj2a91/FUo0b+Vi5oBQj//CMLYpEd837p\n/xkjLGsKNT8bRgsBNCePuIKBB8aMndCSY8LDi+QaTS1yv7h6YZ5AAhoDIjw1i3uC\ntUBw8vt7tOSVtMumk7midth/dSf7w32WqAw5vWECgYB7oPK/1Z7e8zYEn26srvzm\nlYVRU0wvpr+bcEMVs74f1gpG3mXv/BfO7P/qO0iT7Cta2G4F2W1/eayFL56xMvOU\nTl9tjQ4FTEwzdSGsC/RJgIJNMmLUc1athN45lH4sOIuU7QkItxY/CJ6vGnFR8Nio\njnEFZfIT0EPt//iO3RfeQQKBgDuPjQYmp91GOapKObbrttOxpK73rlPpJwi6ukWI\n0vhR5DyoZzCU7qQ99KTbE3GsPI7iiZRXY58S//0KAZY3ZJNraKjYXmLKEBGuTpwr\nHIc6E22Tgi7Cz8ShMAh1gGlUJRVZVwn1Xcsk3Rb3Daim0AW7o+T1D6I4PxoS1fu2\nZz2BAoGBAL+sc1qIuVBhaKDXLo9HNkjAIo5jdujyPZTvRp7EoHx1bhrSwCP8JQPR\nkoiFaOTsHD0NBbR4bStgitOh8/Uj4UM9Z6KrI2B1z7E7i9oHB7P6ets/J3C8fv3A\n05xjM+TU4WpLDkcJZHWqjfZLx3WDrka46PCY2osGKYZIwWX75j74\n-----END RSA PRIVATE KEY-----\n",
      "type": "string",
      "sensitive": true
    },
    "instance_ip": {
      "value": "144.24.213.82",
      "type": "string"
    }
  },
  "resources": [
    {
      "mode": "managed",
      "type": "oci_core_instance",
      "name": "wind_instance",
      "provider": "provider[\"registry.terraform.io/hashicorp/oci\"]",
      "instances": [
        {
          "schema_version": 0,
          "attributes": {
            "agent_config": [
              {
                "are_all_plugins_disabled": false,
                "is_management_disabled": false,
                "is_monitoring_disabled": false,
                "plugins_config": []
              }
            ],
            "async": null,
            "availability_config": [
              {
                "is_live_migration_preferred": false,
                "recovery_action": "RESTORE_INSTANCE"
              }
            ],
            "availability_domain": "vIAm:ME-JEDDAH-1-AD-1",
            "boot_volume_id": "ocid1.bootvolume.oc1.me-jeddah-1.abvgkljrqjqjkxz244a2fmtmwzybczfjwxfnwiwlwz4ees45ijg7jmc2rm7a",
            "capacity_reservation_id": null,
            "compartment_id": "ocid1.tenancy.oc1..aaaaaaaadptv2dmw6j4hbnvdnkfcd4xv3uevxbawyvb5qymtuuekveowopmq",
            "create_vnic_details": [
              {
                "assign_private_dns_record": false,
                "assign_public_ip": "true",
                "defined_tags": {
                  "Oracle-Tags.CreatedBy": "domain-1/ahmedabdelsalamgameel1032@gmail.com",
                  "Oracle-Tags.CreatedOn": "2022-11-29T04:36:10.545Z"
                },
                "display_name": "wind_vnic",
                "freeform_tags": {},
                "hostname_label": "",
                "nsg_ids": null,
                "private_ip": "10.0.1.175",
                "skip_source_dest_check": false,
                "subnet_id": "ocid1.subnet.oc1.me-jeddah-1.aaaaaaaagcejdat6gabbfc42zz7o6vfpenmige4j2gacplfvzi4kzfn4f4sa",
                "vlan_id": ""
              }
            ],
            "dedicated_vm_host_id": null,
            "defined_tags": {
              "Oracle-Tags.CreatedBy": "domain-1/ahmedabdelsalamgameel1032@gmail.com",
              "Oracle-Tags.CreatedOn": "2022-11-29T04:36:10.371Z"
            },
            "display_name": "wind_instance",
            "extended_metadata": null,
            "fault_domain": "FAULT-DOMAIN-1",
            "freeform_tags": {},
            "hostname_label": "",
            "id": "ocid1.instance.oc1.me-jeddah-1.anvgkljr2bix7zac4zmb7q76zill6styteztr6rufwf3g2dfuck24oldjkra",
            "image": "ocid1.image.oc1.me-jeddah-1.aaaaaaaadmfzhygdnozx2dzdlbjtqhgst5pyvtn7r45nps472i7u64zhfnmq",
            "instance_options": [
              {
                "are_legacy_imds_endpoints_disabled": false
              }
            ],
            "ipxe_script": null,
            "is_pv_encryption_in_transit_enabled": null,
            "launch_mode": "PARAVIRTUALIZED",
            "launch_options": [
              {
                "boot_volume_type": "PARAVIRTUALIZED",
                "firmware": "UEFI_64",
                "is_consistent_volume_naming_enabled": true,
                "is_pv_encryption_in_transit_enabled": false,
                "network_type": "PARAVIRTUALIZED",
                "remote_data_volume_type": "PARAVIRTUALIZED"
              }
            ],
            "metadata": {
              "ssh_authorized_keys": "ssh-rsa AAAAB3NzaC1yc2EAAAADAQABAAABAQC8Q1PiV51Xm3ufaWPPUPy6hYbuvxUJwazRRpH6JDsiN2BUzVkZtJBm+lCp+pLtkFROks/gtPD9Ppy+vG/1VLW1RoAH3NdwecY7326+SzJPwD6WI4tMgRayI0wD7tmwpqnDaG6laizluPJmjji1xjGbSgOPdubmdgwNDnTBSZ8K1g1wd0hNvErRRhiA4PMZa/jFdwhipEQZjzBJXUU7ycWq4pG/6CXTGKuoYxD37BuBpjUHW4Aisjm5pzpQsIxcwTkdgCt0puCuARfufOdA8iDatE4EEJt1Dblic1pSt2DCSeZrvP/zoz6ow3dho4gZxpbgDh8CJos6dA7IUo1tB08j\n"
            },
            "platform_config": [],
            "preemptible_instance_config": [],
            "preserve_boot_volume": null,
            "private_ip": "10.0.1.175",
            "public_ip": "144.24.213.82",
            "region": "me-jeddah-1",
            "shape": "VM.Standard.E2.1.Micro",
            "shape_config": [
              {
                "baseline_ocpu_utilization": "",
                "gpu_description": "",
                "gpus": 0,
                "local_disk_description": "",
                "local_disks": 0,
                "local_disks_total_size_in_gbs": 0,
                "max_vnic_attachments": 1,
                "memory_in_gbs": 1,
                "networking_bandwidth_in_gbps": 0.47999998927116394,
                "nvmes": 0,
                "ocpus": 1,
                "processor_description": "2.0 GHz AMD EPYC™ 7551 (Naples)"
              }
            ],
            "source_details": [
              {
                "boot_volume_size_in_gbs": "47",
                "boot_volume_vpus_per_gb": "10",
                "kms_key_id": "",
                "source_id": "ocid1.image.oc1.me-jeddah-1.aaaaaaaadmfzhygdnozx2dzdlbjtqhgst5pyvtn7r45nps472i7u64zhfnmq",
                "source_type": "image"
              }
            ],
            "state": "RUNNING",
            "subnet_id": "ocid1.subnet.oc1.me-jeddah-1.aaaaaaaagcejdat6gabbfc42zz7o6vfpenmige4j2gacplfvzi4kzfn4f4sa",
            "system_tags": {
              "orcl-cloud.free-tier-retained": "true"
            },
            "time_created": "2022-11-29 04:36:10.953 +0000 UTC",
            "time_maintenance_reboot_due": "",
            "timeouts": null
          },
          "sensitive_attributes": [],
          "private": "eyJlMmJmYjczMC1lY2FhLTExZTYtOGY4OC0zNDM2M2JjN2M0YzAiOnsiY3JlYXRlIjoyNzAwMDAwMDAwMDAwLCJkZWxldGUiOjQ1MDAwMDAwMDAwMDAsInVwZGF0ZSI6MjcwMDAwMDAwMDAwMH19",
          "dependencies": [
            "module.network.oci_core_security_list.wind_security_list",
            "module.network.oci_core_subnet.wind_subnet",
            "module.network.oci_core_vcn.wind_vcn",
            "tls_private_key.public_and_private_key_pair"
          ]
        }
      ]
    },
    {
      "mode": "managed",
      "type": "tls_private_key",
      "name": "public_and_private_key_pair",
      "provider": "provider[\"registry.terraform.io/hashicorp/tls\"]",
      "instances": [
        {
          "schema_version": 1,
          "attributes": {
            "algorithm": "RSA",
            "ecdsa_curve": "P224",
            "id": "b8647ade6299ac32986e1cae9c4dae139abb2276",
            "private_key_openssh": "-----BEGIN OPENSSH PRIVATE KEY-----\nb3BlbnNzaC1rZXktdjEAAAAABG5vbmUAAAAEbm9uZQAAAAAAAAABAAABFwAAAAdz\nc2gtcnNhAAAAAwEAAQAAAQEAvENT4ledV5t7n2ljz1D8uoWG7r8VCcGs0UaR+iQ7\nIjdgVM1ZGbSQZvpQqfqS7ZBUTpLP4LTw/T6cvrxv9VS1tUaAB9zXcHnGO99uvksy\nT8A+liOLTIEWsiNMA+7ZsKapw2hupWos5bjyZo44tcYxm0oDj3bm5nYMDQ50wUmf\nCtYNcHdITbxK0UYYgODzGWv4xXcIYqREGY8wSV1FO8nFquKRv+gl0xirqGMQ9+wb\ngaY1B1uAIrI5uac6ULCMXME5HYArdKbgrgEX7nznQPIg2rROBBCbdQ25YnNaUrdg\nwknma7z/86M+qMN3YaOIGcaW4A4fAiaLOnQOyFKNbQdPIwAAA7hWffSFVn30hQAA\nAAdzc2gtcnNhAAABAQC8Q1PiV51Xm3ufaWPPUPy6hYbuvxUJwazRRpH6JDsiN2BU\nzVkZtJBm+lCp+pLtkFROks/gtPD9Ppy+vG/1VLW1RoAH3NdwecY7326+SzJPwD6W\nI4tMgRayI0wD7tmwpqnDaG6laizluPJmjji1xjGbSgOPdubmdgwNDnTBSZ8K1g1w\nd0hNvErRRhiA4PMZa/jFdwhipEQZjzBJXUU7ycWq4pG/6CXTGKuoYxD37BuBpjUH\nW4Aisjm5pzpQsIxcwTkdgCt0puCuARfufOdA8iDatE4EEJt1Dblic1pSt2DCSeZr\nvP/zoz6ow3dho4gZxpbgDh8CJos6dA7IUo1tB08jAAAAAwEAAQAAAQANsCOAOHiT\nLxXc8E+2eh/1+9FkuHXyIKfNC4F/m3TFNxuE7u1EhjFdm2OUCEj4ht7qW5hLsTw4\nXX4ODCtjvgX8KSUT7UWowuHb5pHpuhPtYn/qcKknJdedmh1jx9ECHAwJziUFV+Pt\ny/Wr6TlMVh2zOb1qh+2f4gNcS6nHh+/NXMSuH7jJ02AF4lcmS+cOem+GOqtm8om/\n6Ro82uCT3hHbIaY8Za5uRzfQDTO7MMDmOrzKZVc6bYNxepuEx8ZdQXwYF6WUFoZd\ni6HNDGDJnjSURS7NMOLlUvEjYNVwf+I7dbcU347yVxZJ2BOkAy5WLiqyGTy8/R/d\nPSISTMWUX+fBAAAAgQC/rHNaiLlQYWig1y6PRzZIwCKOY3bo8j2U70aexKB8dW4a\n0sAj/CUD0ZKIhWjk7Bw9DQW0eG0rYIrTofP1I+FDPWeiqyNgdc+xO4vaBwez+nrb\nPydwvH79wNOcYzPk1OFqSw5HCWR1qo32S8d1g65GuOjwmNqLBimGSMFl++Y++AAA\nAIEA+PaMNvDi9lM7l/TTCYwIOYmIfIsul27gjVcVcXQzAGkMDut1qq7BaIB+i+tB\nULa+WycWI0ys4FbwIfOyOYf3f6NFMO6Yr+h51LbqXH0bmzk7xABgtux0DM1/G1VE\nubJn0J5Q+TRZiO1azltgwhf/MWSjRWdj4lC8xuPb3nCSdwMAAACBAMGVkKc56zqH\neiQbEVTto3b97DPAyngLt7VE2Y9mvdfxVKNG/lYuaAUI//wjC2KRHfN+6f8ZIyxr\nCjU/G0YLATQnj7iCgQfGjJ3QkmPCw4vkGk0tcr+4emGeQAIaAyI8NYt7grVAcPL7\ne7TklbTLppO5onbYf3Un+8N9lqgMOb1hAAAAAAEC\n-----END OPENSSH PRIVATE KEY-----\n",
            "private_key_pem": "-----BEGIN RSA PRIVATE KEY-----\nMIIEowIBAAKCAQEAvENT4ledV5t7n2ljz1D8uoWG7r8VCcGs0UaR+iQ7IjdgVM1Z\nGbSQZvpQqfqS7ZBUTpLP4LTw/T6cvrxv9VS1tUaAB9zXcHnGO99uvksyT8A+liOL\nTIEWsiNMA+7ZsKapw2hupWos5bjyZo44tcYxm0oDj3bm5nYMDQ50wUmfCtYNcHdI\nTbxK0UYYgODzGWv4xXcIYqREGY8wSV1FO8nFquKRv+gl0xirqGMQ9+wbgaY1B1uA\nIrI5uac6ULCMXME5HYArdKbgrgEX7nznQPIg2rROBBCbdQ25YnNaUrdgwknma7z/\n86M+qMN3YaOIGcaW4A4fAiaLOnQOyFKNbQdPIwIDAQABAoIBAA2wI4A4eJMvFdzw\nT7Z6H/X70WS4dfIgp80LgX+bdMU3G4Tu7USGMV2bY5QISPiG3upbmEuxPDhdfg4M\nK2O+BfwpJRPtRajC4dvmkem6E+1if+pwqScl152aHWPH0QIcDAnOJQVX4+3L9avp\nOUxWHbM5vWqH7Z/iA1xLqceH781cxK4fuMnTYAXiVyZL5w56b4Y6q2byib/pGjza\n4JPeEdshpjxlrm5HN9ANM7swwOY6vMplVzptg3F6m4THxl1BfBgXpZQWhl2Loc0M\nYMmeNJRFLs0w4uVS8SNg1XB/4jt1txTfjvJXFknYE6QDLlYuKrIZPLz9H909IhJM\nxZRf58ECgYEA+PaMNvDi9lM7l/TTCYwIOYmIfIsul27gjVcVcXQzAGkMDut1qq7B\naIB+i+tBULa+WycWI0ys4FbwIfOyOYf3f6NFMO6Yr+h51LbqXH0bmzk7xABgtux0\nDM1/G1VEubJn0J5Q+TRZiO1azltgwhf/MWSjRWdj4lC8xuPb3nCSdwMCgYEAwZWQ\npznrOod6JBsRVO2jdv3sM8DKeAu3tUTZj2a91/FUo0b+Vi5oBQj//CMLYpEd837p\n/xkjLGsKNT8bRgsBNCePuIKBB8aMndCSY8LDi+QaTS1yv7h6YZ5AAhoDIjw1i3uC\ntUBw8vt7tOSVtMumk7midth/dSf7w32WqAw5vWECgYB7oPK/1Z7e8zYEn26srvzm\nlYVRU0wvpr+bcEMVs74f1gpG3mXv/BfO7P/qO0iT7Cta2G4F2W1/eayFL56xMvOU\nTl9tjQ4FTEwzdSGsC/RJgIJNMmLUc1athN45lH4sOIuU7QkItxY/CJ6vGnFR8Nio\njnEFZfIT0EPt//iO3RfeQQKBgDuPjQYmp91GOapKObbrttOxpK73rlPpJwi6ukWI\n0vhR5DyoZzCU7qQ99KTbE3GsPI7iiZRXY58S//0KAZY3ZJNraKjYXmLKEBGuTpwr\nHIc6E22Tgi7Cz8ShMAh1gGlUJRVZVwn1Xcsk3Rb3Daim0AW7o+T1D6I4PxoS1fu2\nZz2BAoGBAL+sc1qIuVBhaKDXLo9HNkjAIo5jdujyPZTvRp7EoHx1bhrSwCP8JQPR\nkoiFaOTsHD0NBbR4bStgitOh8/Uj4UM9Z6KrI2B1z7E7i9oHB7P6ets/J3C8fv3A\n05xjM+TU4WpLDkcJZHWqjfZLx3WDrka46PCY2osGKYZIwWX75j74\n-----END RSA PRIVATE KEY-----\n",
            "private_key_pem_pkcs8": "-----BEGIN PRIVATE KEY-----\nMIIEvQIBADANBgkqhkiG9w0BAQEFAASCBKcwggSjAgEAAoIBAQC8Q1PiV51Xm3uf\naWPPUPy6hYbuvxUJwazRRpH6JDsiN2BUzVkZtJBm+lCp+pLtkFROks/gtPD9Ppy+\nvG/1VLW1RoAH3NdwecY7326+SzJPwD6WI4tMgRayI0wD7tmwpqnDaG6laizluPJm\njji1xjGbSgOPdubmdgwNDnTBSZ8K1g1wd0hNvErRRhiA4PMZa/jFdwhipEQZjzBJ\nXUU7ycWq4pG/6CXTGKuoYxD37BuBpjUHW4Aisjm5pzpQsIxcwTkdgCt0puCuARfu\nfOdA8iDatE4EEJt1Dblic1pSt2DCSeZrvP/zoz6ow3dho4gZxpbgDh8CJos6dA7I\nUo1tB08jAgMBAAECggEADbAjgDh4ky8V3PBPtnof9fvRZLh18iCnzQuBf5t0xTcb\nhO7tRIYxXZtjlAhI+Ibe6luYS7E8OF1+DgwrY74F/CklE+1FqMLh2+aR6boT7WJ/\n6nCpJyXXnZodY8fRAhwMCc4lBVfj7cv1q+k5TFYdszm9aoftn+IDXEupx4fvzVzE\nrh+4ydNgBeJXJkvnDnpvhjqrZvKJv+kaPNrgk94R2yGmPGWubkc30A0zuzDA5jq8\nymVXOm2DcXqbhMfGXUF8GBellBaGXYuhzQxgyZ40lEUuzTDi5VLxI2DVcH/iO3W3\nFN+O8lcWSdgTpAMuVi4qshk8vP0f3T0iEkzFlF/nwQKBgQD49ow28OL2UzuX9NMJ\njAg5iYh8iy6XbuCNVxVxdDMAaQwO63WqrsFogH6L60FQtr5bJxYjTKzgVvAh87I5\nh/d/o0Uw7piv6HnUtupcfRubOTvEAGC27HQMzX8bVUS5smfQnlD5NFmI7VrOW2DC\nF/8xZKNFZ2PiULzG49vecJJ3AwKBgQDBlZCnOes6h3okGxFU7aN2/ewzwMp4C7e1\nRNmPZr3X8VSjRv5WLmgFCP/8IwtikR3zfun/GSMsawo1PxtGCwE0J4+4goEHxoyd\n0JJjwsOL5BpNLXK/uHphnkACGgMiPDWLe4K1QHDy+3u05JW0y6aTuaJ22H91J/vD\nfZaoDDm9YQKBgHug8r/Vnt7zNgSfbqyu/OaVhVFTTC+mv5twQxWzvh/WCkbeZe/8\nF87s/+o7SJPsK1rYbgXZbX95rIUvnrEy85ROX22NDgVMTDN1IawL9EmAgk0yYtRz\nVq2E3jmUfiw4i5TtCQi3Fj8Inq8acVHw2KiOcQVl8hPQQ+3/+I7dF95BAoGAO4+N\nBian3UY5qko5tuu207GkrveuU+knCLq6RYjS+FHkPKhnMJTupD30pNsTcaw8juKJ\nlFdjnxL//QoBljdkk2toqNheYsoQEa5OnCschzoTbZOCLsLPxKEwCHWAaVQlFVlX\nCfVdyyTdFvcNqKbQBbuj5PUPojg/GhLV+7ZnPYECgYEAv6xzWoi5UGFooNcuj0c2\nSMAijmN26PI9lO9GnsSgfHVuGtLAI/wlA9GSiIVo5OwcPQ0FtHhtK2CK06Hz9SPh\nQz1noqsjYHXPsTuL2gcHs/p62z8ncLx+/cDTnGMz5NThaksORwlkdaqN9kvHdYOu\nRrjo8JjaiwYphkjBZfvmPvg=\n-----END PRIVATE KEY-----\n",
            "public_key_fingerprint_md5": "3f:bd:57:58:d6:89:ce:2a:e7:4d:6b:97:8c:28:f4:0d",
            "public_key_fingerprint_sha256": "SHA256:z8Xpx5H+J+KnkivIPttjzQso17sJYorKIdqp98RLcdo",
            "public_key_openssh": "ssh-rsa AAAAB3NzaC1yc2EAAAADAQABAAABAQC8Q1PiV51Xm3ufaWPPUPy6hYbuvxUJwazRRpH6JDsiN2BUzVkZtJBm+lCp+pLtkFROks/gtPD9Ppy+vG/1VLW1RoAH3NdwecY7326+SzJPwD6WI4tMgRayI0wD7tmwpqnDaG6laizluPJmjji1xjGbSgOPdubmdgwNDnTBSZ8K1g1wd0hNvErRRhiA4PMZa/jFdwhipEQZjzBJXUU7ycWq4pG/6CXTGKuoYxD37BuBpjUHW4Aisjm5pzpQsIxcwTkdgCt0puCuARfufOdA8iDatE4EEJt1Dblic1pSt2DCSeZrvP/zoz6ow3dho4gZxpbgDh8CJos6dA7IUo1tB08j\n",
            "public_key_pem": "-----BEGIN PUBLIC KEY-----\nMIIBIjANBgkqhkiG9w0BAQEFAAOCAQ8AMIIBCgKCAQEAvENT4ledV5t7n2ljz1D8\nuoWG7r8VCcGs0UaR+iQ7IjdgVM1ZGbSQZvpQqfqS7ZBUTpLP4LTw/T6cvrxv9VS1\ntUaAB9zXcHnGO99uvksyT8A+liOLTIEWsiNMA+7ZsKapw2hupWos5bjyZo44tcYx\nm0oDj3bm5nYMDQ50wUmfCtYNcHdITbxK0UYYgODzGWv4xXcIYqREGY8wSV1FO8nF\nquKRv+gl0xirqGMQ9+wbgaY1B1uAIrI5uac6ULCMXME5HYArdKbgrgEX7nznQPIg\n2rROBBCbdQ25YnNaUrdgwknma7z/86M+qMN3YaOIGcaW4A4fAiaLOnQOyFKNbQdP\nIwIDAQAB\n-----END PUBLIC KEY-----\n",
            "rsa_bits": 2048
          },
          "sensitive_attributes": []
        }
      ]
    },
    {
      "module": "module.network",
      "mode": "managed",
      "type": "oci_core_internet_gateway",
      "name": "wind_internet_gateway",
      "provider": "provider[\"registry.terraform.io/hashicorp/oci\"]",
      "instances": [
        {
          "schema_version": 0,
          "attributes": {
            "compartment_id": "ocid1.tenancy.oc1..aaaaaaaadptv2dmw6j4hbnvdnkfcd4xv3uevxbawyvb5qymtuuekveowopmq",
            "defined_tags": {
              "Oracle-Tags.CreatedBy": "domain-1/ahmedabdelsalamgameel1032@gmail.com",
              "Oracle-Tags.CreatedOn": "2022-11-29T04:36:05.872Z"
            },
            "display_name": "wind_internet_gateway",
            "enabled": true,
            "freeform_tags": {},
            "id": "ocid1.internetgateway.oc1.me-jeddah-1.aaaaaaaafj3gepape5u2o2awp2ws3fki4czmphooadvmigywanq5gppel3ea",
            "route_table_id": null,
            "state": "AVAILABLE",
            "time_created": "2022-11-29 04:36:05.912 +0000 UTC",
            "timeouts": null,
            "vcn_id": "ocid1.vcn.oc1.me-jeddah-1.amaaaaaa2bix7zaah4s4mzd5zbufneppcq2unlvisovll3vcmq3jgxl4yvba"
          },
          "sensitive_attributes": [],
          "private": "eyJlMmJmYjczMC1lY2FhLTExZTYtOGY4OC0zNDM2M2JjN2M0YzAiOnsiY3JlYXRlIjoxMjAwMDAwMDAwMDAwLCJkZWxldGUiOjEyMDAwMDAwMDAwMDAsInVwZGF0ZSI6MTIwMDAwMDAwMDAwMH19",
          "dependencies": [
            "module.network.oci_core_vcn.wind_vcn"
          ]
        }
      ]
    },
    {
      "module": "module.network",
      "mode": "managed",
      "type": "oci_core_route_table",
      "name": "wind_route_table",
      "provider": "provider[\"registry.terraform.io/hashicorp/oci\"]",
      "instances": [
        {
          "schema_version": 0,
          "attributes": {
            "compartment_id": "ocid1.tenancy.oc1..aaaaaaaadptv2dmw6j4hbnvdnkfcd4xv3uevxbawyvb5qymtuuekveowopmq",
            "defined_tags": {
              "Oracle-Tags.CreatedBy": "domain-1/ahmedabdelsalamgameel1032@gmail.com",
              "Oracle-Tags.CreatedOn": "2022-11-29T04:36:06.772Z"
            },
            "display_name": "wind_route_table",
            "freeform_tags": {},
            "id": "ocid1.routetable.oc1.me-jeddah-1.aaaaaaaawo4eo6tmlze5pzec4d6rt57y6ct2b3ibhpg54y2yymtchdoaptzq",
            "route_rules": [
              {
                "cidr_block": "",
                "description": "",
                "destination": "0.0.0.0/0",
                "destination_type": "CIDR_BLOCK",
                "network_entity_id": "ocid1.internetgateway.oc1.me-jeddah-1.aaaaaaaafj3gepape5u2o2awp2ws3fki4czmphooadvmigywanq5gppel3ea",
                "route_type": ""
              }
            ],
            "state": "AVAILABLE",
            "time_created": "2022-11-29 04:36:06.796 +0000 UTC",
            "timeouts": null,
            "vcn_id": "ocid1.vcn.oc1.me-jeddah-1.amaaaaaa2bix7zaah4s4mzd5zbufneppcq2unlvisovll3vcmq3jgxl4yvba"
          },
          "sensitive_attributes": [],
          "private": "eyJlMmJmYjczMC1lY2FhLTExZTYtOGY4OC0zNDM2M2JjN2M0YzAiOnsiY3JlYXRlIjoxMjAwMDAwMDAwMDAwLCJkZWxldGUiOjEyMDAwMDAwMDAwMDAsInVwZGF0ZSI6MTIwMDAwMDAwMDAwMH19",
          "dependencies": [
            "module.network.oci_core_internet_gateway.wind_internet_gateway",
            "module.network.oci_core_vcn.wind_vcn"
          ]
        }
      ]
    },
    {
      "module": "module.network",
      "mode": "managed",
      "type": "oci_core_route_table_attachment",
      "name": "wind_route_table_attachment",
      "provider": "provider[\"registry.terraform.io/hashicorp/oci\"]",
      "instances": [
        {
          "schema_version": 0,
          "attributes": {
            "id": "ocid1.subnet.oc1.me-jeddah-1.aaaaaaaagcejdat6gabbfc42zz7o6vfpenmige4j2gacplfvzi4kzfn4f4sa/ocid1.routetable.oc1.me-jeddah-1.aaaaaaaawo4eo6tmlze5pzec4d6rt57y6ct2b3ibhpg54y2yymtchdoaptzq",
            "route_table_id": "ocid1.routetable.oc1.me-jeddah-1.aaaaaaaawo4eo6tmlze5pzec4d6rt57y6ct2b3ibhpg54y2yymtchdoaptzq",
            "subnet_id": "ocid1.subnet.oc1.me-jeddah-1.aaaaaaaagcejdat6gabbfc42zz7o6vfpenmige4j2gacplfvzi4kzfn4f4sa",
            "timeouts": null
          },
          "sensitive_attributes": [],
          "private": "eyJlMmJmYjczMC1lY2FhLTExZTYtOGY4OC0zNDM2M2JjN2M0YzAiOnsiY3JlYXRlIjoxMjAwMDAwMDAwMDAwLCJkZWxldGUiOjEyMDAwMDAwMDAwMDAsInVwZGF0ZSI6MTIwMDAwMDAwMDAwMH19",
          "dependencies": [
            "module.network.oci_core_internet_gateway.wind_internet_gateway",
            "module.network.oci_core_route_table.wind_route_table",
            "module.network.oci_core_security_list.wind_security_list",
            "module.network.oci_core_subnet.wind_subnet",
            "module.network.oci_core_vcn.wind_vcn"
          ]
        }
      ]
    },
    {
      "module": "module.network",
      "mode": "managed",
      "type": "oci_core_security_list",
      "name": "wind_security_list",
      "provider": "provider[\"registry.terraform.io/hashicorp/oci\"]",
      "instances": [
        {
          "schema_version": 0,
          "attributes": {
            "compartment_id": "ocid1.tenancy.oc1..aaaaaaaadptv2dmw6j4hbnvdnkfcd4xv3uevxbawyvb5qymtuuekveowopmq",
            "defined_tags": {
              "Oracle-Tags.CreatedBy": "domain-1/ahmedabdelsalamgameel1032@gmail.com",
              "Oracle-Tags.CreatedOn": "2022-11-29T04:36:06.249Z"
            },
            "display_name": "wind_security_list",
            "egress_security_rules": [
              {
                "description": "",
                "destination": "0.0.0.0/0",
                "destination_type": "CIDR_BLOCK",
                "icmp_options": [],
                "protocol": "6",
                "stateless": false,
                "tcp_options": [],
                "udp_options": []
              }
            ],
            "freeform_tags": {},
            "id": "ocid1.securitylist.oc1.me-jeddah-1.aaaaaaaazbsvw2rpjnadv3mkelgrwx2prixawmyruxun2lttpbuipkpguenq",
            "ingress_security_rules": [
              {
                "description": "",
                "icmp_options": [],
                "protocol": "6",
                "source": "0.0.0.0/0",
                "source_type": "CIDR_BLOCK",
                "stateless": false,
                "tcp_options": [
                  {
                    "max": 22,
                    "min": 22,
                    "source_port_range": []
                  }
                ],
                "udp_options": []
              },
              {
                "description": "",
                "icmp_options": [],
                "protocol": "6",
                "source": "0.0.0.0/0",
                "source_type": "CIDR_BLOCK",
                "stateless": false,
                "tcp_options": [
                  {
                    "max": 80,
                    "min": 80,
                    "source_port_range": []
                  }
                ],
                "udp_options": []
              }
            ],
            "state": "AVAILABLE",
            "time_created": "2022-11-29 04:36:06.291 +0000 UTC",
            "timeouts": null,
            "vcn_id": "ocid1.vcn.oc1.me-jeddah-1.amaaaaaa2bix7zaah4s4mzd5zbufneppcq2unlvisovll3vcmq3jgxl4yvba"
          },
          "sensitive_attributes": [],
          "private": "eyJlMmJmYjczMC1lY2FhLTExZTYtOGY4OC0zNDM2M2JjN2M0YzAiOnsiY3JlYXRlIjoxMjAwMDAwMDAwMDAwLCJkZWxldGUiOjEyMDAwMDAwMDAwMDAsInVwZGF0ZSI6MTIwMDAwMDAwMDAwMH19",
          "dependencies": [
            "module.network.oci_core_vcn.wind_vcn"
          ]
        }
      ]
    },
    {
      "module": "module.network",
      "mode": "managed",
      "type": "oci_core_subnet",
      "name": "wind_subnet",
      "provider": "provider[\"registry.terraform.io/hashicorp/oci\"]",
      "instances": [
        {
          "schema_version": 0,
          "attributes": {
            "availability_domain": null,
            "cidr_block": "10.0.1.0/24",
            "compartment_id": "ocid1.tenancy.oc1..aaaaaaaadptv2dmw6j4hbnvdnkfcd4xv3uevxbawyvb5qymtuuekveowopmq",
            "defined_tags": {
              "Oracle-Tags.CreatedBy": "domain-1/ahmedabdelsalamgameel1032@gmail.com",
              "Oracle-Tags.CreatedOn": "2022-11-29T04:36:06.967Z"
            },
            "dhcp_options_id": "ocid1.dhcpoptions.oc1.me-jeddah-1.aaaaaaaabr3worpzszqhfepngxgm7mj6hhw5jmkrn2b7nsv77uuuv35j5eoq",
            "display_name": "wind_subnet",
            "dns_label": null,
            "freeform_tags": {},
            "id": "ocid1.subnet.oc1.me-jeddah-1.aaaaaaaagcejdat6gabbfc42zz7o6vfpenmige4j2gacplfvzi4kzfn4f4sa",
            "ipv6cidr_block": null,
            "ipv6cidr_blocks": [],
            "ipv6virtual_router_ip": null,
            "prohibit_internet_ingress": false,
            "prohibit_public_ip_on_vnic": false,
            "route_table_id": "ocid1.routetable.oc1.me-jeddah-1.aaaaaaaaafed35hi6ijd3bjw2y2nbn6cpgjsebshcliyzhszo7acengrazka",
            "security_list_ids": [
              "ocid1.securitylist.oc1.me-jeddah-1.aaaaaaaazbsvw2rpjnadv3mkelgrwx2prixawmyruxun2lttpbuipkpguenq"
            ],
            "state": "AVAILABLE",
            "subnet_domain_name": null,
            "time_created": "2022-11-29 04:36:07.007 +0000 UTC",
            "timeouts": null,
            "vcn_id": "ocid1.vcn.oc1.me-jeddah-1.amaaaaaa2bix7zaah4s4mzd5zbufneppcq2unlvisovll3vcmq3jgxl4yvba",
            "virtual_router_ip": "10.0.1.1",
            "virtual_router_mac": "00:00:17:98:DE:C6"
          },
          "sensitive_attributes": [],
          "private": "eyJlMmJmYjczMC1lY2FhLTExZTYtOGY4OC0zNDM2M2JjN2M0YzAiOnsiY3JlYXRlIjoxMjAwMDAwMDAwMDAwLCJkZWxldGUiOjEyMDAwMDAwMDAwMDAsInVwZGF0ZSI6MTIwMDAwMDAwMDAwMH19",
          "dependencies": [
            "module.network.oci_core_security_list.wind_security_list",
            "module.network.oci_core_vcn.wind_vcn"
          ]
        }
      ]
    },
    {
      "module": "module.network",
      "mode": "managed",
      "type": "oci_core_vcn",
      "name": "wind_vcn",
      "provider": "provider[\"registry.terraform.io/hashicorp/oci\"]",
      "instances": [
        {
          "schema_version": 0,
          "attributes": {
            "byoipv6cidr_blocks": [],
            "byoipv6cidr_details": null,
            "cidr_block": "10.0.0.0/16",
            "cidr_blocks": [
              "10.0.0.0/16"
            ],
            "compartment_id": "ocid1.tenancy.oc1..aaaaaaaadptv2dmw6j4hbnvdnkfcd4xv3uevxbawyvb5qymtuuekveowopmq",
            "default_dhcp_options_id": "ocid1.dhcpoptions.oc1.me-jeddah-1.aaaaaaaabr3worpzszqhfepngxgm7mj6hhw5jmkrn2b7nsv77uuuv35j5eoq",
            "default_route_table_id": "ocid1.routetable.oc1.me-jeddah-1.aaaaaaaaafed35hi6ijd3bjw2y2nbn6cpgjsebshcliyzhszo7acengrazka",
            "default_security_list_id": "ocid1.securitylist.oc1.me-jeddah-1.aaaaaaaaf2bgrcdafx3imnlr6gghmpjunwsljnf7br2qwjpy3ybm3yxspcda",
            "defined_tags": {
              "Oracle-Tags.CreatedBy": "domain-1/ahmedabdelsalamgameel1032@gmail.com",
              "Oracle-Tags.CreatedOn": "2022-11-29T04:36:04.876Z"
            },
            "display_name": "wind_vcn",
            "dns_label": null,
            "freeform_tags": {},
            "id": "ocid1.vcn.oc1.me-jeddah-1.amaaaaaa2bix7zaah4s4mzd5zbufneppcq2unlvisovll3vcmq3jgxl4yvba",
            "ipv6cidr_blocks": [],
            "ipv6private_cidr_blocks": [],
            "is_ipv6enabled": false,
            "is_oracle_gua_allocation_enabled": null,
            "state": "AVAILABLE",
            "time_created": "2022-11-29 04:36:04.977 +0000 UTC",
            "timeouts": null,
            "vcn_domain_name": null
          },
          "sensitive_attributes": [],
          "private": "eyJlMmJmYjczMC1lY2FhLTExZTYtOGY4OC0zNDM2M2JjN2M0YzAiOnsiY3JlYXRlIjoxMjAwMDAwMDAwMDAwLCJkZWxldGUiOjEyMDAwMDAwMDAwMDAsInVwZGF0ZSI6MTIwMDAwMDAwMDAwMH19"
        }
      ]
    }
  ]
}
